
Microsoft Visual Studio Solution File, Format Version 12.00
# Visual Studio Version 17
VisualStudioVersion = 17.14.36603.0
MinimumVisualStudioVersion = 10.0.40219.1
Project("{FAE04EC0-301F-11D3-BF4B-00C04F79EFBC}") = "DataCliente", "DataCliente.csproj", "{52EAAAAC-A366-41E0-9D9C-D59BB87B58C5}"
EndProject
Project("{FAE04EC0-301F-11D3-BF4B-00C04F79EFBC}") = "NegocioCliente", "..\NegocioCliente\NegocioCliente.csproj", "{678EECCF-8575-4C83-873A-2F06A0A3B23F}"
EndProject
Project("{FAE04EC0-301F-11D3-BF4B-00C04F79EFBC}") = "PantallaClientes", "..\PantallaClientes\PantallaClientes.csproj", "{E9C625A2-E640-4452-BA61-C78457C7BF08}"
EndProject
Project("{FAE04EC0-301F-11D3-BF4B-00C04F79EFBC}") = "ClienteTests", "..\ClienteTests\ClienteTests.csproj", "{2EF18DE3-323C-4D08-9133-3080BF703CE7}"
EndProject
Global
	GlobalSection(SolutionConfigurationPlatforms) = preSolution
		Debug|Any CPU = Debug|Any CPU
		Release|Any CPU = Release|Any CPU
	EndGlobalSection
	GlobalSection(ProjectConfigurationPlatforms) = postSolution
		{52EAAAAC-A366-41E0-9D9C-D59BB87B58C5}.Debug|Any CPU.ActiveCfg = Debug|Any CPU
		{52EAAAAC-A366-41E0-9D9C-D59BB87B58C5}.Debug|Any CPU.Build.0 = Debug|Any CPU
		{52EAAAAC-A366-41E0-9D9C-D59BB87B58C5}.Release|Any CPU.ActiveCfg = Release|Any CPU
		{52EAAAAC-A366-41E0-9D9C-D59BB87B58C5}.Release|Any CPU.Build.0 = Release|Any CPU
		{678EECCF-8575-4C83-873A-2F06A0A3B23F}.Debug|Any CPU.ActiveCfg = Debug|Any CPU
		{678EECCF-8575-4C83-873A-2F06A0A3B23F}.Debug|Any CPU.Build.0 = Debug|Any CPU
		{678EECCF-8575-4C83-873A-2F06A0A3B23F}.Release|Any CPU.ActiveCfg = Release|Any CPU
		{678EECCF-8575-4C83-873A-2F06A0A3B23F}.Release|Any CPU.Build.0 = Release|Any CPU
		{E9C625A2-E640-4452-BA61-C78457C7BF08}.Debug|Any CPU.ActiveCfg = Debug|Any CPU
		{E9C625A2-E640-4452-BA61-C78457C7BF08}.Debug|Any CPU.Build.0 = Debug|Any CPU
		{E9C625A2-E640-4452-BA61-C78457C7BF08}.Release|Any CPU.ActiveCfg = Release|Any CPU
		{E9C625A2-E640-4452-BA61-C78457C7BF08}.Release|Any CPU.Build.0 = Release|Any CPU
		{2EF18DE3-323C-4D08-9133-3080BF703CE7}.Debug|Any CPU.ActiveCfg = Debug|Any CPU
		{2EF18DE3-323C-4D08-9133-3080BF703CE7}.Debug|Any CPU.Build.0 = Debug|Any CPU
		{2EF18DE3-323C-4D08-9133-3080BF703CE7}.Release|Any CPU.ActiveCfg = Release|Any CPU
		{2EF18DE3-323C-4D08-9133-3080BF703CE7}.Release|Any CPU.Build.0 = Release|Any CPU
	EndGlobalSection
	GlobalSection(SolutionProperties) = preSolution
		HideSolutionNode = FALSE
	EndGlobalSection
	GlobalSection(ExtensibilityGlobals) = postSolution
		SolutionGuid = {C2D72E91-76DD-47DD-8450-856044A8337A}
	EndGlobalSection
EndGlobal
